
Microsoft Visual Studio Solution File, Format Version 12.00
# Visual Studio Version 17
VisualStudioVersion = 17.3.32811.315
MinimumVisualStudioVersion = 10.0.40219.1
Project("{9A19103F-16F7-4668-BE54-9A1E7A4F7556}") = "FrontServer", "Implementation\Elements\FrontServer\FrontServer.csproj", "{05A4E8F8-D4C1-4E41-97E3-DF71373E7BF7}"
EndProject
Project("{9A19103F-16F7-4668-BE54-9A1E7A4F7556}") = "MockDataSource", "Implementation\Elements\MockDataSource\MockDataSource.csproj", "{E8646560-666E-40A0-A61E-353ECE805A53}"
EndProject
Project("{9A19103F-16F7-4668-BE54-9A1E7A4F7556}") = "Client", "Implementation\Elements\Client\Client.csproj", "{244CB2FE-C0F9-4F72-8855-87D62A18BA5D}"
	ProjectSection(ProjectDependencies) = postProject
		{539580C9-A381-47FA-AA59-961D89488E0A} = {539580C9-A381-47FA-AA59-961D89488E0A}
		{FA7F0AB1-1065-4E80-A3F1-3757F7F99B6F} = {FA7F0AB1-1065-4E80-A3F1-3757F7F99B6F}
	EndProjectSection
EndProject
Project("{9A19103F-16F7-4668-BE54-9A1E7A4F7556}") = "CommonSolution", "CommonSolution\CommonSolution.csproj", "{539580C9-A381-47FA-AA59-961D89488E0A}"
EndProject
Project("{9A19103F-16F7-4668-BE54-9A1E7A4F7556}") = "DummyDataForStaticPreviewPreparator", "Automation\DummyDataForStaticPreviewPreparator\DummyDataForStaticPreviewPreparator.csproj", "{DDEE6C26-C5D3-46D3-B683-A07A33FFEDE2}"
	ProjectSection(ProjectDependencies) = postProject
		{539580C9-A381-47FA-AA59-961D89488E0A} = {539580C9-A381-47FA-AA59-961D89488E0A}
		{E8646560-666E-40A0-A61E-353ECE805A53} = {E8646560-666E-40A0-A61E-353ECE805A53}
	EndProjectSection
EndProject
Project("{9A19103F-16F7-4668-BE54-9A1E7A4F7556}") = "Utils", "Incubators\Utils\Utils.csproj", "{3F2D2656-BFFE-405D-BFB9-E5E2C9584CA9}"
EndProject
Project("{9A19103F-16F7-4668-BE54-9A1E7A4F7556}") = "FrontEndFramework", "Incubators\FrontEndFramework\FrontEndFramework.csproj", "{FA7F0AB1-1065-4E80-A3F1-3757F7F99B6F}"
	ProjectSection(ProjectDependencies) = postProject
		{3F2D2656-BFFE-405D-BFB9-E5E2C9584CA9} = {3F2D2656-BFFE-405D-BFB9-E5E2C9584CA9}
	EndProjectSection
EndProject
Project("{FAE04EC0-301F-11D3-BF4B-00C04F79EFBC}") = "ClientAndFrontServer", "Implementation\Interactions\ClientAndFrontServer\ClientAndFrontServer\ClientAndFrontServer.csproj", "{579EF77F-A420-4AAE-92A8-7D539FAAA72E}"
EndProject
Global
	GlobalSection(SolutionConfigurationPlatforms) = preSolution
		Debug|Any CPU = Debug|Any CPU
		Release|Any CPU = Release|Any CPU
	EndGlobalSection
	GlobalSection(ProjectConfigurationPlatforms) = postSolution
		{05A4E8F8-D4C1-4E41-97E3-DF71373E7BF7}.Debug|Any CPU.ActiveCfg = Debug|Any CPU
		{05A4E8F8-D4C1-4E41-97E3-DF71373E7BF7}.Debug|Any CPU.Build.0 = Debug|Any CPU
		{05A4E8F8-D4C1-4E41-97E3-DF71373E7BF7}.Release|Any CPU.ActiveCfg = Release|Any CPU
		{05A4E8F8-D4C1-4E41-97E3-DF71373E7BF7}.Release|Any CPU.Build.0 = Release|Any CPU
		{E8646560-666E-40A0-A61E-353ECE805A53}.Debug|Any CPU.ActiveCfg = Debug|Any CPU
		{E8646560-666E-40A0-A61E-353ECE805A53}.Debug|Any CPU.Build.0 = Debug|Any CPU
		{E8646560-666E-40A0-A61E-353ECE805A53}.Release|Any CPU.ActiveCfg = Release|Any CPU
		{E8646560-666E-40A0-A61E-353ECE805A53}.Release|Any CPU.Build.0 = Release|Any CPU
		{244CB2FE-C0F9-4F72-8855-87D62A18BA5D}.Debug|Any CPU.ActiveCfg = Debug|Any CPU
		{244CB2FE-C0F9-4F72-8855-87D62A18BA5D}.Debug|Any CPU.Build.0 = Debug|Any CPU
		{244CB2FE-C0F9-4F72-8855-87D62A18BA5D}.Debug|Any CPU.Deploy.0 = Debug|Any CPU
		{244CB2FE-C0F9-4F72-8855-87D62A18BA5D}.Release|Any CPU.ActiveCfg = Release|Any CPU
		{244CB2FE-C0F9-4F72-8855-87D62A18BA5D}.Release|Any CPU.Build.0 = Release|Any CPU
		{244CB2FE-C0F9-4F72-8855-87D62A18BA5D}.Release|Any CPU.Deploy.0 = Release|Any CPU
		{539580C9-A381-47FA-AA59-961D89488E0A}.Debug|Any CPU.ActiveCfg = Debug|Any CPU
		{539580C9-A381-47FA-AA59-961D89488E0A}.Debug|Any CPU.Build.0 = Debug|Any CPU
		{539580C9-A381-47FA-AA59-961D89488E0A}.Release|Any CPU.ActiveCfg = Release|Any CPU
		{539580C9-A381-47FA-AA59-961D89488E0A}.Release|Any CPU.Build.0 = Release|Any CPU
		{DDEE6C26-C5D3-46D3-B683-A07A33FFEDE2}.Debug|Any CPU.ActiveCfg = Debug|Any CPU
		{DDEE6C26-C5D3-46D3-B683-A07A33FFEDE2}.Debug|Any CPU.Build.0 = Debug|Any CPU
		{DDEE6C26-C5D3-46D3-B683-A07A33FFEDE2}.Release|Any CPU.ActiveCfg = Release|Any CPU
		{DDEE6C26-C5D3-46D3-B683-A07A33FFEDE2}.Release|Any CPU.Build.0 = Release|Any CPU
		{3F2D2656-BFFE-405D-BFB9-E5E2C9584CA9}.Debug|Any CPU.ActiveCfg = Debug|Any CPU
		{3F2D2656-BFFE-405D-BFB9-E5E2C9584CA9}.Debug|Any CPU.Build.0 = Debug|Any CPU
		{3F2D2656-BFFE-405D-BFB9-E5E2C9584CA9}.Release|Any CPU.ActiveCfg = Release|Any CPU
		{3F2D2656-BFFE-405D-BFB9-E5E2C9584CA9}.Release|Any CPU.Build.0 = Release|Any CPU
		{FA7F0AB1-1065-4E80-A3F1-3757F7F99B6F}.Debug|Any CPU.ActiveCfg = Debug|Any CPU
		{FA7F0AB1-1065-4E80-A3F1-3757F7F99B6F}.Debug|Any CPU.Build.0 = Debug|Any CPU
		{FA7F0AB1-1065-4E80-A3F1-3757F7F99B6F}.Release|Any CPU.ActiveCfg = Release|Any CPU
		{FA7F0AB1-1065-4E80-A3F1-3757F7F99B6F}.Release|Any CPU.Build.0 = Release|Any CPU
	EndGlobalSection
	GlobalSection(SolutionProperties) = preSolution
		HideSolutionNode = FALSE
	EndGlobalSection
	GlobalSection(ExtensibilityGlobals) = postSolution
		SolutionGuid = {2B178732-D049-43C9-8787-E115EF862CB4}
	EndGlobalSection
EndGlobal
